
Microsoft Visual Studio Solution File, Format Version 12.00
# Visual Studio Version 17
VisualStudioVersion = 17.6.33723.286
MinimumVisualStudioVersion = 10.0.40219.1
Project("{FAE04EC0-301F-11D3-BF4B-00C04F79EFBC}") = "PrintOrders", "PrintOrders\PrintOrders.csproj", "{73F2C026-ADAB-4E65-8D5C-EB1FBB61B4BB}"
EndProject
Global
	GlobalSection(SolutionConfigurationPlatforms) = preSolution
		Debug|Any CPU = Debug|Any CPU
		Release|Any CPU = Release|Any CPU
	EndGlobalSection
	GlobalSection(ProjectConfigurationPlatforms) = postSolution
		{73F2C026-ADAB-4E65-8D5C-EB1FBB61B4BB}.Debug|Any CPU.ActiveCfg = Debug|Any CPU
		{73F2C026-ADAB-4E65-8D5C-EB1FBB61B4BB}.Debug|Any CPU.Build.0 = Debug|Any CPU
		{73F2C026-ADAB-4E65-8D5C-EB1FBB61B4BB}.Release|Any CPU.ActiveCfg = Release|Any CPU
		{73F2C026-ADAB-4E65-8D5C-EB1FBB61B4BB}.Release|Any CPU.Build.0 = Release|Any CPU
	EndGlobalSection
	GlobalSection(SolutionProperties) = preSolution
		HideSolutionNode = FALSE
	EndGlobalSection
	GlobalSection(ExtensibilityGlobals) = postSolution
		SolutionGuid = {EC87D204-9EB5-4C43-9904-E01C08E7D216}
	EndGlobalSection
EndGlobal
